<?xml version="1.0" encoding="utf-8"?>
<Project ToolsVersion="4.0" xmlns="http://schemas.microsoft.com/developer/msbuild/2003">
  <ItemGroup>
    <Filter Include="Source Files">
      <UniqueIdentifier>{4FC737F1-C7A5-4376-A066-2A32D752A2FF}</UniqueIdentifier>
      <Extensions>cpp;c;cc;cxx;def;odl;idl;hpj;bat;asm;asmx</Extensions>
    </Filter>
    <Filter Include="Header Files">
      <UniqueIdentifier>{93995380-89BD-4b04-88EB-625FBE52EBFB}</UniqueIdentifier>
      <Extensions>h;hh;hpp;hxx;hm;inl;inc;xsd</Extensions>
    </Filter>
    <Filter Include="Resource Files">
      <UniqueIdentifier>{67DA6AB6-F800-4c08-8B7A-83BB121AAD01}</UniqueIdentifier>
      <Extensions>rc;ico;cur;bmp;dlg;rc2;rct;bin;rgs;gif;jpg;jpeg;jpe;resx;tiff;tif;png;wav;mfcribbon-ms</Extensions>
    </Filter>
  </ItemGroup>
  <ItemGroup>
    <ClInclude Include="targetver.h">
      <Filter>Header Files</Filter>
    </ClInclude>
    <ClInclude Include="src\main\Prototype.h">
      <Filter>Header Files</Filter>
    </ClInclude>
    <ClInclude Include="src\math\lTimer.h">
      <Filter>Header Files</Filter>
    </ClInclude>
    <ClInclude Include="src\GameObject\gameObject.h">
      <Filter>Header Files</Filter>
    </ClInclude>
    <ClInclude Include="src\System\IO\inputManager.h">
      <Filter>Header Files</Filter>
    </ClInclude>
    <ClInclude Include="src\System\graphics\global_graphical_variables.h">
      <Filter>Source Files</Filter>
    </ClInclude>
    <ClInclude Include="src\System\graphics\lTexture.h">
      <Filter>Source Files</Filter>
    </ClInclude>
    <ClInclude Include="src\GameObject\Component\component.h">
      <Filter>Header Files</Filter>
    </ClInclude>
    <ClInclude Include="src\data_structures\quadTree.h">
      <Filter>Header Files</Filter>
    </ClInclude>
    <ClInclude Include="src\System\Physics\physicsEngine.h">
      <Filter>Header Files</Filter>
    </ClInclude>
    <ClInclude Include="src\GameObject\Component\geometry\polygonCollider.h">
      <Filter>Header Files</Filter>
    </ClInclude>
    <ClInclude Include="src\math\polygon.h">
      <Filter>Header Files</Filter>
    </ClInclude>
    <ClInclude Include="src\math\point.h">
      <Filter>Header Files</Filter>
    </ClInclude>
    <ClInclude Include="src\GameObject\Component\geometry\velocity.h">
      <Filter>Header Files</Filter>
    </ClInclude>
    <ClInclude Include="src\GameObject\Component\geometry\position.h">
      <Filter>Header Files</Filter>
    </ClInclude>
    <ClInclude Include="src\math\rectangle.h">
      <Filter>Header Files</Filter>
    </ClInclude>
    <ClInclude Include="src\GameObject\Component\graphics\renderer.h">
      <Filter>Header Files</Filter>
    </ClInclude>
    <ClInclude Include="src\GameObject\Component\graphics\sprite.h">
      <Filter>Header Files</Filter>
    </ClInclude>
    <ClInclude Include="src\GameObject\Component\graphics\camera.h">
      <Filter>Header Files</Filter>
    </ClInclude>
    <ClInclude Include="src\System\graphics\textureManager.h">
      <Filter>Header Files</Filter>
    </ClInclude>
    <ClInclude Include="src\World\room.h">
      <Filter>Header Files</Filter>
    </ClInclude>
    <ClInclude Include="src\math\triangle.h">
      <Filter>Header Files</Filter>
    </ClInclude>
    <ClInclude Include="src\tools\stringTools.h">
      <Filter>Header Files</Filter>
    </ClInclude>
    <ClInclude Include="src\World\worldBuilder.h">
      <Filter>Header Files</Filter>
    </ClInclude>
    <ClInclude Include="src\GameObject\Component\gameplay\movement.h">
      <Filter>Header Files</Filter>
    </ClInclude>
    <ClInclude Include="src\GameObject\Factories\basicObjectFactory.h">
      <Filter>Header Files</Filter>
    </ClInclude>
    <ClInclude Include="src\System\game\gameLogic.h">
      <Filter>Header Files</Filter>
    </ClInclude>
    <ClInclude Include="src\System\game\scene\scene.h">
      <Filter>Header Files</Filter>
    </ClInclude>
    <ClInclude Include="src\System\game\scene\debug_scenes\debug_scene0.h">
      <Filter>Header Files</Filter>
    </ClInclude>
    <ClInclude Include="src\System\GUI\modeSelection\modeSelection.h">
      <Filter>Header Files</Filter>
    </ClInclude>
    <ClInclude Include="src\System\GUI\Window\lwindow.h">
      <Filter>Header Files</Filter>
    </ClInclude>
  </ItemGroup>
  <ItemGroup>
    <ClCompile Include="src\main\Prototype.cpp">
      <Filter>Source Files</Filter>
    </ClCompile>
    <ClCompile Include="src\math\lTimer.cpp">
      <Filter>Source Files</Filter>
    </ClCompile>
    <ClCompile Include="src\GameObject\gameObject.cpp">
      <Filter>Source Files</Filter>
    </ClCompile>
    <ClCompile Include="src\System\IO\inputManager.cpp">
      <Filter>Source Files</Filter>
    </ClCompile>
    <ClCompile Include="src\System\graphics\global_graphical_variables.cpp">
      <Filter>Source Files</Filter>
    </ClCompile>
    <ClCompile Include="src\System\graphics\lTexture.cpp">
      <Filter>Source Files</Filter>
    </ClCompile>
    <ClCompile Include="src\GameObject\Component\component.cpp">
      <Filter>Source Files</Filter>
    </ClCompile>
    <ClCompile Include="src\data_structures\quadTree.cpp">
      <Filter>Source Files</Filter>
    </ClCompile>
    <ClCompile Include="src\System\Physics\physicsEngine.cpp">
      <Filter>Source Files</Filter>
    </ClCompile>
    <ClCompile Include="src\GameObject\Component\geometry\polygonCollider.cpp">
      <Filter>Source Files</Filter>
    </ClCompile>
    <ClCompile Include="src\math\polygon.cpp">
      <Filter>Source Files</Filter>
    </ClCompile>
    <ClCompile Include="src\math\point.cpp">
      <Filter>Source Files</Filter>
    </ClCompile>
    <ClCompile Include="src\GameObject\Component\geometry\velocity.cpp">
      <Filter>Source Files</Filter>
    </ClCompile>
    <ClCompile Include="src\GameObject\Component\geometry\position.cpp">
      <Filter>Source Files</Filter>
    </ClCompile>
    <ClCompile Include="src\math\rectangle.cpp">
      <Filter>Source Files</Filter>
    </ClCompile>
    <ClCompile Include="src\GameObject\Component\graphics\renderer.cpp">
      <Filter>Source Files</Filter>
    </ClCompile>
    <ClCompile Include="src\GameObject\Component\graphics\sprite.cpp">
      <Filter>Source Files</Filter>
    </ClCompile>
    <ClCompile Include="src\GameObject\Component\graphics\camera.cpp">
      <Filter>Source Files</Filter>
    </ClCompile>
    <ClCompile Include="src\System\graphics\textureManager.cpp">
      <Filter>Source Files</Filter>
    </ClCompile>
    <ClCompile Include="src\World\room.cpp">
      <Filter>Source Files</Filter>
    </ClCompile>
    <ClCompile Include="src\math\triangle.cpp">
      <Filter>Source Files</Filter>
    </ClCompile>
    <ClCompile Include="src\World\worldBuilder.cpp">
      <Filter>Source Files</Filter>
    </ClCompile>
    <ClCompile Include="src\tools\stringTools.cpp">
      <Filter>Source Files</Filter>
    </ClCompile>
    <ClCompile Include="src\GameObject\Component\gameplay\movement.cpp">
      <Filter>Source Files</Filter>
    </ClCompile>
    <ClCompile Include="src\GameObject\Factories\basicObjectFactory.cpp">
      <Filter>Source Files</Filter>
    </ClCompile>
    <ClCompile Include="src\System\game\gameLogic.cpp">
      <Filter>Source Files</Filter>
    </ClCompile>
    <ClCompile Include="src\System\game\scene\scene.cpp">
      <Filter>Source Files</Filter>
    </ClCompile>
    <ClCompile Include="src\System\game\scene\debug_scenes\debug_scene0.cpp">
      <Filter>Source Files</Filter>
    </ClCompile>
    <ClCompile Include="src\System\GUI\modeSelection\modeSelection.cpp">
      <Filter>Source Files</Filter>
    </ClCompile>
    <ClCompile Include="src\System\GUI\Window\lwindow.cpp">
      <Filter>Source Files</Filter>
    </ClCompile>
  </ItemGroup>
  <ItemGroup>
    <Text Include="..\..\..\..\..\Downloads\imgui-master\imgui-master\TODO.txt" />
  </ItemGroup>
</Project>