<?xml version="1.0" encoding="utf-8"?>
<Project ToolsVersion="4.0" xmlns="http://schemas.microsoft.com/developer/msbuild/2003">
  <ItemGroup>
    <Filter Include="Source Files">
      <UniqueIdentifier>{4FC737F1-C7A5-4376-A066-2A32D752A2FF}</UniqueIdentifier>
      <Extensions>cpp;c;cc;cxx;def;odl;idl;hpj;bat;asm;asmx</Extensions>
    </Filter>
    <Filter Include="Header Files">
      <UniqueIdentifier>{93995380-89BD-4b04-88EB-625FBE52EBFB}</UniqueIdentifier>
      <Extensions>h;hh;hpp;hxx;hm;inl;inc;xsd</Extensions>
    </Filter>
    <Filter Include="Resource Files">
      <UniqueIdentifier>{67DA6AB6-F800-4c08-8B7A-83BB121AAD01}</UniqueIdentifier>
      <Extensions>rc;ico;cur;bmp;dlg;rc2;rct;bin;rgs;gif;jpg;jpeg;jpe;resx;tiff;tif;png;wav;mfcribbon-ms</Extensions>
    </Filter>
  </ItemGroup>
  <ItemGroup>
    <ClInclude Include="targetver.h">
      <Filter>Header Files</Filter>
    </ClInclude>
    <ClInclude Include="src\main\Prototype.h">
      <Filter>Header Files</Filter>
    </ClInclude>
    <ClInclude Include="src\math\lTimer.h">
      <Filter>Header Files</Filter>
    </ClInclude>
    <ClInclude Include="src\GameObject\gameObject.h">
      <Filter>Header Files</Filter>
    </ClInclude>
    <ClInclude Include="src\System\IO\inputManager.h">
      <Filter>Header Files</Filter>
    </ClInclude>
    <ClInclude Include="src\System\graphics\lTexture.h">
      <Filter>Source Files</Filter>
    </ClInclude>
    <ClInclude Include="src\GameObject\Component\component.h">
      <Filter>Header Files</Filter>
    </ClInclude>
    <ClInclude Include="src\data_structures\quadTree.h">
      <Filter>Header Files</Filter>
    </ClInclude>
    <ClInclude Include="src\System\Physics\physicsEngine.h">
      <Filter>Header Files</Filter>
    </ClInclude>
    <ClInclude Include="src\GameObject\Component\geometry\polygonCollider.h">
      <Filter>Header Files</Filter>
    </ClInclude>
    <ClInclude Include="src\math\polygon.h">
      <Filter>Header Files</Filter>
    </ClInclude>
    <ClInclude Include="src\math\point.h">
      <Filter>Header Files</Filter>
    </ClInclude>
    <ClInclude Include="src\GameObject\Component\geometry\velocity.h">
      <Filter>Header Files</Filter>
    </ClInclude>
    <ClInclude Include="src\GameObject\Component\geometry\position.h">
      <Filter>Header Files</Filter>
    </ClInclude>
    <ClInclude Include="src\math\rectangle.h">
      <Filter>Header Files</Filter>
    </ClInclude>
    <ClInclude Include="src\GameObject\Component\graphics\sprite.h">
      <Filter>Header Files</Filter>
    </ClInclude>
    <ClInclude Include="src\GameObject\Component\graphics\camera.h">
      <Filter>Header Files</Filter>
    </ClInclude>
    <ClInclude Include="src\System\graphics\textureManager.h">
      <Filter>Header Files</Filter>
    </ClInclude>
    <ClInclude Include="src\World\room.h">
      <Filter>Header Files</Filter>
    </ClInclude>
    <ClInclude Include="src\math\triangle.h">
      <Filter>Header Files</Filter>
    </ClInclude>
    <ClInclude Include="src\tools\stringTools.h">
      <Filter>Header Files</Filter>
    </ClInclude>
    <ClInclude Include="src\GameObject\Component\gameplay\movement.h">
      <Filter>Header Files</Filter>
    </ClInclude>
    <ClInclude Include="src\GameObject\Factories\basicObjectFactory.h">
      <Filter>Header Files</Filter>
    </ClInclude>
    <ClInclude Include="src\System\game\gameLogic.h">
      <Filter>Header Files</Filter>
    </ClInclude>
    <ClInclude Include="src\System\game\scene\scene.h">
      <Filter>Header Files</Filter>
    </ClInclude>
    <ClInclude Include="src\System\game\scene\debug_scenes\debug_scene0.h">
      <Filter>Header Files</Filter>
    </ClInclude>
    <ClInclude Include="src\System\GUI\Window\lwindow.h">
      <Filter>Header Files</Filter>
    </ClInclude>
    <ClInclude Include="src\World\editor\editor.h">
      <Filter>Header Files</Filter>
    </ClInclude>
    <ClInclude Include="src\System\GUI\Window\EditorWindow.h">
      <Filter>Header Files</Filter>
    </ClInclude>
    <ClInclude Include="src\World\Tile.h">
      <Filter>Header Files</Filter>
    </ClInclude>
    <ClInclude Include="src\System\graphics\TileMap.h">
      <Filter>Header Files</Filter>
    </ClInclude>
    <ClInclude Include="src\System\Physics\collision.h">
      <Filter>Header Files</Filter>
    </ClInclude>
    <ClInclude Include="src\GameObject\Component\graphics\animator.h">
      <Filter>Header Files</Filter>
    </ClInclude>
    <ClInclude Include="src\System\graphics\animationClip.h">
      <Filter>Header Files</Filter>
    </ClInclude>
    <ClInclude Include="src\System\graphics\graphicsEngine.h">
      <Filter>Header Files</Filter>
    </ClInclude>
    <ClInclude Include="src\System\graphics\parallaxBackground.h">
      <Filter>Header Files</Filter>
    </ClInclude>
    <ClInclude Include="src\GameObject\Component\geometry\rotation.h">
      <Filter>Header Files</Filter>
    </ClInclude>
    <ClInclude Include="src\GameObject\Component\gameplay\weapon.h">
      <Filter>Header Files</Filter>
    </ClInclude>
    <ClInclude Include="src\GameObject\Component\gameplay\splash.h">
      <Filter>Header Files</Filter>
    </ClInclude>
    <ClInclude Include="src\GameObject\Component\graphics\lineRenderer.h">
      <Filter>Header Files</Filter>
    </ClInclude>
    <ClInclude Include="src\GameObject\Component\gameplay\beam.h">
      <Filter>Header Files</Filter>
    </ClInclude>
    <ClInclude Include="src\GameObject\Component\graphics\spriteRenderer.h">
      <Filter>Header Files</Filter>
    </ClInclude>
    <ClInclude Include="src\GameObject\Component\graphics\renderer.h">
      <Filter>Header Files</Filter>
    </ClInclude>
    <ClInclude Include="src\System\Physics\rayCastHit.h">
      <Filter>Header Files</Filter>
    </ClInclude>
    <ClInclude Include="src\GameObject\objectPool.h">
      <Filter>Header Files</Filter>
    </ClInclude>
    <ClInclude Include="src\GameObject\Prefabrications\prefabrications.h">
      <Filter>Header Files</Filter>
    </ClInclude>
    <ClInclude Include="src\GameObject\Prefabrications\prefabrication.h">
      <Filter>Header Files</Filter>
    </ClInclude>
    <ClInclude Include="src\GameObject\Component\gameplay\interactable\Container.h">
      <Filter>Header Files</Filter>
    </ClInclude>
    <ClInclude Include="src\World\objects\object.h">
      <Filter>Header Files</Filter>
    </ClInclude>
    <ClInclude Include="src\System\graphics\color.h">
      <Filter>Header Files</Filter>
    </ClInclude>
    <ClInclude Include="src\tools\timeMacros.h">
      <Filter>Header Files</Filter>
    </ClInclude>
    <ClInclude Include="src\System\GUI\UIElement\UIActionListener.h">
      <Filter>Header Files</Filter>
    </ClInclude>
    <ClInclude Include="src\System\GUI\UIElement\UIBorder.h">
      <Filter>Header Files</Filter>
    </ClInclude>
    <ClInclude Include="src\System\GUI\UIElement\UIButton.h">
      <Filter>Header Files</Filter>
    </ClInclude>
    <ClInclude Include="src\System\GUI\UIElement\UIColliderSelector.h">
      <Filter>Header Files</Filter>
    </ClInclude>
    <ClInclude Include="src\System\GUI\UIElement\UIElement.h">
      <Filter>Header Files</Filter>
    </ClInclude>
    <ClInclude Include="src\System\GUI\UIElement\UIEvent.h">
      <Filter>Header Files</Filter>
    </ClInclude>
    <ClInclude Include="src\System\GUI\UIElement\UIGridSelector.h">
      <Filter>Header Files</Filter>
    </ClInclude>
    <ClInclude Include="src\System\GUI\UIElement\UIGridTile.h">
      <Filter>Header Files</Filter>
    </ClInclude>
    <ClInclude Include="src\System\GUI\UIElement\UIMovable.h">
      <Filter>Header Files</Filter>
    </ClInclude>
    <ClInclude Include="src\System\GUI\UIElement\UIPrompt.h">
      <Filter>Header Files</Filter>
    </ClInclude>
    <ClInclude Include="src\System\GUI\UIElement\UISelectable.h">
      <Filter>Header Files</Filter>
    </ClInclude>
    <ClInclude Include="src\System\GUI\UIElement\UISelectableCollider.h">
      <Filter>Header Files</Filter>
    </ClInclude>
    <ClInclude Include="src\System\GUI\UIElement\UISelectableTile.h">
      <Filter>Header Files</Filter>
    </ClInclude>
    <ClInclude Include="src\System\GUI\UIElement\UISelector.h">
      <Filter>Header Files</Filter>
    </ClInclude>
    <ClInclude Include="src\System\GUI\UIElement\UITileSelector.h">
      <Filter>Header Files</Filter>
    </ClInclude>
    <ClInclude Include="src\System\GUI\UIElement\UIPanel.h">
      <Filter>Header Files</Filter>
    </ClInclude>
    <ClInclude Include="src\System\GUI\UIElement\UITextBox.h">
      <Filter>Header Files</Filter>
    </ClInclude>
    <ClInclude Include="src\System\GUI\UIElement\UIComponent.h">
      <Filter>Header Files</Filter>
    </ClInclude>
    <ClInclude Include="src\System\GUI\UIElement\UISelectableObject.h">
      <Filter>Header Files</Filter>
    </ClInclude>
    <ClInclude Include="src\System\GUI\UIElement\UIObjectSelector.h">
      <Filter>Header Files</Filter>
    </ClInclude>
    <ClInclude Include="src\System\GUI\UIElement\UIToolSelector.h">
      <Filter>Header Files</Filter>
    </ClInclude>
    <ClInclude Include="src\System\GUI\UIElement\UISelectableTool.h">
      <Filter>Header Files</Filter>
    </ClInclude>
    <ClInclude Include="src\System\GUI\UIElement\UIInfoBox.h">
      <Filter>Header Files</Filter>
    </ClInclude>
    <ClInclude Include="src\System\sound\soundClip.h">
      <Filter>Header Files</Filter>
    </ClInclude>
    <ClInclude Include="src\System\sound\soundManager.h">
      <Filter>Header Files</Filter>
    </ClInclude>
    <ClInclude Include="src\GameObject\Component\environment\material.h">
      <Filter>Header Files</Filter>
    </ClInclude>
    <ClInclude Include="src\System\sound\musicClip.h">
      <Filter>Header Files</Filter>
    </ClInclude>
    <ClInclude Include="src\tools\fileTools.h">
      <Filter>Header Files</Filter>
    </ClInclude>
    <ClInclude Include="src\GameObject\Component\gameplay\interactable\Door.h">
      <Filter>Header Files</Filter>
    </ClInclude>
    <ClInclude Include="src\System\GUI\UIElement\UIMultiPrompt.h">
      <Filter>Header Files</Filter>
    </ClInclude>
  </ItemGroup>
  <ItemGroup>
    <ClCompile Include="src\main\Prototype.cpp">
      <Filter>Source Files</Filter>
    </ClCompile>
    <ClCompile Include="src\math\lTimer.cpp">
      <Filter>Source Files</Filter>
    </ClCompile>
    <ClCompile Include="src\GameObject\gameObject.cpp">
      <Filter>Source Files</Filter>
    </ClCompile>
    <ClCompile Include="src\System\IO\inputManager.cpp">
      <Filter>Source Files</Filter>
    </ClCompile>
    <ClCompile Include="src\System\graphics\lTexture.cpp">
      <Filter>Source Files</Filter>
    </ClCompile>
    <ClCompile Include="src\GameObject\Component\component.cpp">
      <Filter>Source Files</Filter>
    </ClCompile>
    <ClCompile Include="src\data_structures\quadTree.cpp">
      <Filter>Source Files</Filter>
    </ClCompile>
    <ClCompile Include="src\System\Physics\physicsEngine.cpp">
      <Filter>Source Files</Filter>
    </ClCompile>
    <ClCompile Include="src\GameObject\Component\geometry\polygonCollider.cpp">
      <Filter>Source Files</Filter>
    </ClCompile>
    <ClCompile Include="src\math\polygon.cpp">
      <Filter>Source Files</Filter>
    </ClCompile>
    <ClCompile Include="src\math\point.cpp">
      <Filter>Source Files</Filter>
    </ClCompile>
    <ClCompile Include="src\GameObject\Component\geometry\velocity.cpp">
      <Filter>Source Files</Filter>
    </ClCompile>
    <ClCompile Include="src\GameObject\Component\geometry\position.cpp">
      <Filter>Source Files</Filter>
    </ClCompile>
    <ClCompile Include="src\math\rectangle.cpp">
      <Filter>Source Files</Filter>
    </ClCompile>
    <ClCompile Include="src\GameObject\Component\graphics\sprite.cpp">
      <Filter>Source Files</Filter>
    </ClCompile>
    <ClCompile Include="src\GameObject\Component\graphics\camera.cpp">
      <Filter>Source Files</Filter>
    </ClCompile>
    <ClCompile Include="src\System\graphics\textureManager.cpp">
      <Filter>Source Files</Filter>
    </ClCompile>
    <ClCompile Include="src\World\room.cpp">
      <Filter>Source Files</Filter>
    </ClCompile>
    <ClCompile Include="src\math\triangle.cpp">
      <Filter>Source Files</Filter>
    </ClCompile>
    <ClCompile Include="src\tools\stringTools.cpp">
      <Filter>Source Files</Filter>
    </ClCompile>
    <ClCompile Include="src\GameObject\Component\gameplay\movement.cpp">
      <Filter>Source Files</Filter>
    </ClCompile>
    <ClCompile Include="src\GameObject\Factories\basicObjectFactory.cpp">
      <Filter>Source Files</Filter>
    </ClCompile>
    <ClCompile Include="src\System\game\gameLogic.cpp">
      <Filter>Source Files</Filter>
    </ClCompile>
    <ClCompile Include="src\System\game\scene\scene.cpp">
      <Filter>Source Files</Filter>
    </ClCompile>
    <ClCompile Include="src\System\game\scene\debug_scenes\debug_scene0.cpp">
      <Filter>Source Files</Filter>
    </ClCompile>
    <ClCompile Include="src\System\GUI\Window\lwindow.cpp">
      <Filter>Source Files</Filter>
    </ClCompile>
    <ClCompile Include="src\World\editor\editor.cpp">
      <Filter>Source Files</Filter>
    </ClCompile>
    <ClCompile Include="src\System\GUI\Window\EditorWindow.cpp">
      <Filter>Source Files</Filter>
    </ClCompile>
    <ClCompile Include="src\World\Tile.cpp">
      <Filter>Source Files</Filter>
    </ClCompile>
    <ClCompile Include="src\System\graphics\TileMap.cpp">
      <Filter>Source Files</Filter>
    </ClCompile>
    <ClCompile Include="src\System\Physics\collision.cpp">
      <Filter>Source Files</Filter>
    </ClCompile>
    <ClCompile Include="src\GameObject\Component\graphics\animator.cpp">
      <Filter>Source Files</Filter>
    </ClCompile>
    <ClCompile Include="src\System\graphics\animationClip.cpp">
      <Filter>Source Files</Filter>
    </ClCompile>
    <ClCompile Include="src\System\graphics\graphicsEngine.cpp">
      <Filter>Source Files</Filter>
    </ClCompile>
    <ClCompile Include="src\System\graphics\parallaxBackground.cpp">
      <Filter>Source Files</Filter>
    </ClCompile>
    <ClCompile Include="src\GameObject\Component\geometry\rotation.cpp">
      <Filter>Source Files</Filter>
    </ClCompile>
    <ClCompile Include="src\GameObject\Component\gameplay\weapon.cpp">
      <Filter>Source Files</Filter>
    </ClCompile>
    <ClCompile Include="src\GameObject\Component\gameplay\splash.cpp">
      <Filter>Source Files</Filter>
    </ClCompile>
    <ClCompile Include="src\GameObject\Component\graphics\lineRenderer.cpp">
      <Filter>Source Files</Filter>
    </ClCompile>
    <ClCompile Include="src\GameObject\Component\gameplay\beam.cpp">
      <Filter>Source Files</Filter>
    </ClCompile>
    <ClCompile Include="src\GameObject\Component\graphics\spriteRenderer.cpp">
      <Filter>Source Files</Filter>
    </ClCompile>
    <ClCompile Include="src\GameObject\Component\graphics\renderer.cpp">
      <Filter>Source Files</Filter>
    </ClCompile>
    <ClCompile Include="src\System\Physics\rayCastHit.cpp">
      <Filter>Source Files</Filter>
    </ClCompile>
    <ClCompile Include="src\GameObject\objectPool.cpp">
      <Filter>Source Files</Filter>
    </ClCompile>
    <ClCompile Include="src\GameObject\Prefabrications\prefabrication.cpp">
      <Filter>Source Files</Filter>
    </ClCompile>
    <ClCompile Include="src\GameObject\Prefabrications\prefabrications.cpp">
      <Filter>Source Files</Filter>
    </ClCompile>
    <ClCompile Include="src\GameObject\Component\gameplay\interactable\Container.cpp">
      <Filter>Source Files</Filter>
    </ClCompile>
    <ClCompile Include="src\World\objects\object.cpp">
      <Filter>Source Files</Filter>
    </ClCompile>
    <ClCompile Include="src\tools\timeMacros.cpp">
      <Filter>Source Files</Filter>
    </ClCompile>
    <ClCompile Include="src\System\GUI\UIElement\UIActionListener.cpp">
      <Filter>Source Files</Filter>
    </ClCompile>
    <ClCompile Include="src\System\GUI\UIElement\UIBorder.cpp">
      <Filter>Source Files</Filter>
    </ClCompile>
    <ClCompile Include="src\System\GUI\UIElement\UIButton.cpp">
      <Filter>Source Files</Filter>
    </ClCompile>
    <ClCompile Include="src\System\GUI\UIElement\UIColliderSelector.cpp">
      <Filter>Source Files</Filter>
    </ClCompile>
    <ClCompile Include="src\System\GUI\UIElement\UIElement.cpp">
      <Filter>Source Files</Filter>
    </ClCompile>
    <ClCompile Include="src\System\GUI\UIElement\UIEvent.cpp">
      <Filter>Source Files</Filter>
    </ClCompile>
    <ClCompile Include="src\System\GUI\UIElement\UIGridSelector.cpp">
      <Filter>Source Files</Filter>
    </ClCompile>
    <ClCompile Include="src\System\GUI\UIElement\UIGridTile.cpp">
      <Filter>Source Files</Filter>
    </ClCompile>
    <ClCompile Include="src\System\GUI\UIElement\UIMovable.cpp">
      <Filter>Source Files</Filter>
    </ClCompile>
    <ClCompile Include="src\System\GUI\UIElement\UIPrompt.cpp">
      <Filter>Source Files</Filter>
    </ClCompile>
    <ClCompile Include="src\System\GUI\UIElement\UISelectable.cpp">
      <Filter>Source Files</Filter>
    </ClCompile>
    <ClCompile Include="src\System\GUI\UIElement\UISelectableCollider.cpp">
      <Filter>Source Files</Filter>
    </ClCompile>
    <ClCompile Include="src\System\GUI\UIElement\UISelectableTile.cpp">
      <Filter>Source Files</Filter>
    </ClCompile>
    <ClCompile Include="src\System\GUI\UIElement\UISelector.cpp">
      <Filter>Source Files</Filter>
    </ClCompile>
    <ClCompile Include="src\System\GUI\UIElement\UITileSelector.cpp">
      <Filter>Source Files</Filter>
    </ClCompile>
    <ClCompile Include="src\System\GUI\UIElement\UIPanel.cpp">
      <Filter>Source Files</Filter>
    </ClCompile>
    <ClCompile Include="src\System\GUI\UIElement\UITextBox.cpp">
      <Filter>Source Files</Filter>
    </ClCompile>
    <ClCompile Include="src\System\GUI\UIElement\UIComponent.cpp">
      <Filter>Source Files</Filter>
    </ClCompile>
    <ClCompile Include="src\System\GUI\UIElement\UISelectableObject.cpp">
      <Filter>Source Files</Filter>
    </ClCompile>
    <ClCompile Include="src\System\GUI\UIElement\UIObjectSelector.cpp">
      <Filter>Source Files</Filter>
    </ClCompile>
    <ClCompile Include="src\System\GUI\UIElement\UIToolSelector.cpp">
      <Filter>Source Files</Filter>
    </ClCompile>
    <ClCompile Include="src\System\GUI\UIElement\UISelectableTool.cpp">
      <Filter>Source Files</Filter>
    </ClCompile>
    <ClCompile Include="src\System\GUI\UIElement\UIInfoBox.cpp">
      <Filter>Source Files</Filter>
    </ClCompile>
    <ClCompile Include="src\System\sound\soundClip.cpp">
      <Filter>Source Files</Filter>
    </ClCompile>
    <ClCompile Include="src\System\sound\soundManager.cpp">
      <Filter>Source Files</Filter>
    </ClCompile>
    <ClCompile Include="src\GameObject\Component\environment\material.cpp">
      <Filter>Source Files</Filter>
    </ClCompile>
    <ClCompile Include="src\System\sound\musicClip.cpp">
      <Filter>Source Files</Filter>
    </ClCompile>
    <ClCompile Include="src\GameObject\Component\gameplay\interactable\Door.cpp">
      <Filter>Source Files</Filter>
    </ClCompile>
    <ClCompile Include="src\System\GUI\UIElement\UIMultiPrompt.cpp">
      <Filter>Source Files</Filter>
    </ClCompile>
  </ItemGroup>
  <ItemGroup>
    <Text Include="..\..\..\..\..\Downloads\imgui-master\imgui-master\TODO.txt" />
  </ItemGroup>
  <ItemGroup>
    <None Include="Assets\shaders\Basic.shader" />
    <None Include="Assets\shaders\TextureShader.shader" />
  </ItemGroup>
</Project>